
Microsoft Visual Studio Solution File, Format Version 12.00
# Visual Studio Version 16
VisualStudioVersion = 16.0.30011.22
MinimumVisualStudioVersion = 10.0.40219.1
Project("{FAE04EC0-301F-11D3-BF4B-00C04F79EFBC}") = "space_shooter", "space_shooter.csproj", "{520A6A3C-1EFC-4633-A436-00E55E64A7A3}"
EndProject
Project("{54435603-DBB4-11D2-8724-00A0C9A8B90C}") = "Setup1", "..\Setup1\Setup1.vdproj", "{1FA4105A-E7A3-4F00-8262-DF606C24D7B7}"
EndProject
Global
	GlobalSection(SolutionConfigurationPlatforms) = preSolution
		Debug|Any CPU = Debug|Any CPU
		Release|Any CPU = Release|Any CPU
	EndGlobalSection
	GlobalSection(ProjectConfigurationPlatforms) = postSolution
		{520A6A3C-1EFC-4633-A436-00E55E64A7A3}.Debug|Any CPU.ActiveCfg = Debug|Any CPU
		{520A6A3C-1EFC-4633-A436-00E55E64A7A3}.Debug|Any CPU.Build.0 = Debug|Any CPU
		{520A6A3C-1EFC-4633-A436-00E55E64A7A3}.Release|Any CPU.ActiveCfg = Release|Any CPU
		{520A6A3C-1EFC-4633-A436-00E55E64A7A3}.Release|Any CPU.Build.0 = Release|Any CPU
		{1FA4105A-E7A3-4F00-8262-DF606C24D7B7}.Debug|Any CPU.ActiveCfg = Debug
		{1FA4105A-E7A3-4F00-8262-DF606C24D7B7}.Release|Any CPU.ActiveCfg = Release
	EndGlobalSection
	GlobalSection(SolutionProperties) = preSolution
		HideSolutionNode = FALSE
	EndGlobalSection
	GlobalSection(ExtensibilityGlobals) = postSolution
		SolutionGuid = {3019A140-2CDE-4CA5-BABE-353C8AA54292}
	EndGlobalSection
EndGlobal
